
Microsoft Visual Studio Solution File, Format Version 12.00
# Visual Studio Version 17
VisualStudioVersion = 17.5.002.0
MinimumVisualStudioVersion = 10.0.40219.1
Project("{9A19103F-16F7-4668-BE54-9A1E7A4F7556}") = "ImobiControl", "ImobiControl.csproj", "{D0DB99A9-BED4-4DEF-BAA3-A038BC8E744F}"
EndProject
Global
	GlobalSection(SolutionConfigurationPlatforms) = preSolution
		Debug|Any CPU = Debug|Any CPU
		Release|Any CPU = Release|Any CPU
	EndGlobalSection
	GlobalSection(ProjectConfigurationPlatforms) = postSolution
		{D0DB99A9-BED4-4DEF-BAA3-A038BC8E744F}.Debug|Any CPU.ActiveCfg = Debug|Any CPU
		{D0DB99A9-BED4-4DEF-BAA3-A038BC8E744F}.Debug|Any CPU.Build.0 = Debug|Any CPU
		{D0DB99A9-BED4-4DEF-BAA3-A038BC8E744F}.Release|Any CPU.ActiveCfg = Release|Any CPU
		{D0DB99A9-BED4-4DEF-BAA3-A038BC8E744F}.Release|Any CPU.Build.0 = Release|Any CPU
	EndGlobalSection
	GlobalSection(SolutionProperties) = preSolution
		HideSolutionNode = FALSE
	EndGlobalSection
	GlobalSection(ExtensibilityGlobals) = postSolution
		SolutionGuid = {27ECE5F1-3A8E-490B-A36E-63672414E5B1}
	EndGlobalSection
EndGlobal
